
Microsoft Visual Studio Solution File, Format Version 12.00
# Visual Studio Version 16
VisualStudioVersion = 16.0.30907.101
MinimumVisualStudioVersion = 10.0.40219.1
Project("{2150E333-8FDC-42A3-9474-1A3956D46DE8}") = "src", "src", "{33C39110-90E0-4316-AF7B-A7081E2AB7E0}"
EndProject
Project("{2150E333-8FDC-42A3-9474-1A3956D46DE8}") = "test", "test", "{6E3E2435-022C-49B0-B96E-298DF1E5DB02}"
EndProject
Project("{2150E333-8FDC-42A3-9474-1A3956D46DE8}") = "Application", "Application", "{3B1E5EAD-07E8-4DEA-836F-DA38EF71E1AA}"
EndProject
Project("{2150E333-8FDC-42A3-9474-1A3956D46DE8}") = "Domain", "Domain", "{8E603D0A-4473-4A18-B67C-1526B73DFB7F}"
EndProject
Project("{2150E333-8FDC-42A3-9474-1A3956D46DE8}") = "Infra.Data", "Infra.Data", "{624781F8-308B-48EB-9A8C-59FF8F26DF8C}"
EndProject
Project("{2150E333-8FDC-42A3-9474-1A3956D46DE8}") = "Infra.IoC", "Infra.IoC", "{62C106E0-A74C-4559-86B8-EB75D43E0430}"
EndProject
Project("{2150E333-8FDC-42A3-9474-1A3956D46DE8}") = "presentation", "presentation", "{AEBC3E29-8E89-483F-91DF-21D0FD50BB49}"
EndProject
Project("{9A19103F-16F7-4668-BE54-9A1E7A4F7556}") = "BookLibrary.Domain", "BookLibrary.Domain\BookLibrary.Domain.csproj", "{1A866C75-A1EA-4D83-B0CD-2E8AF50C55FB}"
EndProject
Project("{9A19103F-16F7-4668-BE54-9A1E7A4F7556}") = "BookLibrary.Application", "BookLibrary.Application\BookLibrary.Application.csproj", "{0E0F5F61-B4B7-42C4-B5D1-6619C0D30CE1}"
EndProject
Project("{9A19103F-16F7-4668-BE54-9A1E7A4F7556}") = "BookLibrary.Infra.Data", "BookLibrary.Infra.Data\BookLibrary.Infra.Data.csproj", "{CDB33AF5-721F-453E-B8BE-5B9E26BB922E}"
EndProject
Project("{9A19103F-16F7-4668-BE54-9A1E7A4F7556}") = "BookLibrary.Api", "BookLibrary.Api\BookLibrary.Api.csproj", "{5ECC163A-CFFD-4BFB-A89A-28003D57AA8C}"
EndProject
Project("{2150E333-8FDC-42A3-9474-1A3956D46DE8}") = "Infra.WebFramework", "Infra.WebFramework", "{5C1D0B15-0873-4935-9D49-D29F86008E8E}"
EndProject
Project("{FAE04EC0-301F-11D3-BF4B-00C04F79EFBC}") = "BookLibrary.Infra.WebFramework", "BookLibrary.Infra.WebFramework\BookLibrary.Infra.WebFramework.csproj", "{1B4F3149-F674-40F7-805E-BAB11AD53F7D}"
EndProject
Global
	GlobalSection(SolutionConfigurationPlatforms) = preSolution
		Debug|Any CPU = Debug|Any CPU
		Release|Any CPU = Release|Any CPU
	EndGlobalSection
	GlobalSection(ProjectConfigurationPlatforms) = postSolution
		{1A866C75-A1EA-4D83-B0CD-2E8AF50C55FB}.Debug|Any CPU.ActiveCfg = Debug|Any CPU
		{1A866C75-A1EA-4D83-B0CD-2E8AF50C55FB}.Debug|Any CPU.Build.0 = Debug|Any CPU
		{1A866C75-A1EA-4D83-B0CD-2E8AF50C55FB}.Release|Any CPU.ActiveCfg = Release|Any CPU
		{1A866C75-A1EA-4D83-B0CD-2E8AF50C55FB}.Release|Any CPU.Build.0 = Release|Any CPU
		{0E0F5F61-B4B7-42C4-B5D1-6619C0D30CE1}.Debug|Any CPU.ActiveCfg = Debug|Any CPU
		{0E0F5F61-B4B7-42C4-B5D1-6619C0D30CE1}.Debug|Any CPU.Build.0 = Debug|Any CPU
		{0E0F5F61-B4B7-42C4-B5D1-6619C0D30CE1}.Release|Any CPU.ActiveCfg = Release|Any CPU
		{0E0F5F61-B4B7-42C4-B5D1-6619C0D30CE1}.Release|Any CPU.Build.0 = Release|Any CPU
		{CDB33AF5-721F-453E-B8BE-5B9E26BB922E}.Debug|Any CPU.ActiveCfg = Debug|Any CPU
		{CDB33AF5-721F-453E-B8BE-5B9E26BB922E}.Debug|Any CPU.Build.0 = Debug|Any CPU
		{CDB33AF5-721F-453E-B8BE-5B9E26BB922E}.Release|Any CPU.ActiveCfg = Release|Any CPU
		{CDB33AF5-721F-453E-B8BE-5B9E26BB922E}.Release|Any CPU.Build.0 = Release|Any CPU
		{5ECC163A-CFFD-4BFB-A89A-28003D57AA8C}.Debug|Any CPU.ActiveCfg = Debug|Any CPU
		{5ECC163A-CFFD-4BFB-A89A-28003D57AA8C}.Debug|Any CPU.Build.0 = Debug|Any CPU
		{5ECC163A-CFFD-4BFB-A89A-28003D57AA8C}.Release|Any CPU.ActiveCfg = Release|Any CPU
		{5ECC163A-CFFD-4BFB-A89A-28003D57AA8C}.Release|Any CPU.Build.0 = Release|Any CPU
		{1B4F3149-F674-40F7-805E-BAB11AD53F7D}.Debug|Any CPU.ActiveCfg = Debug|Any CPU
		{1B4F3149-F674-40F7-805E-BAB11AD53F7D}.Debug|Any CPU.Build.0 = Debug|Any CPU
		{1B4F3149-F674-40F7-805E-BAB11AD53F7D}.Release|Any CPU.ActiveCfg = Release|Any CPU
		{1B4F3149-F674-40F7-805E-BAB11AD53F7D}.Release|Any CPU.Build.0 = Release|Any CPU
	EndGlobalSection
	GlobalSection(SolutionProperties) = preSolution
		HideSolutionNode = FALSE
	EndGlobalSection
	GlobalSection(NestedProjects) = preSolution
		{3B1E5EAD-07E8-4DEA-836F-DA38EF71E1AA} = {33C39110-90E0-4316-AF7B-A7081E2AB7E0}
		{8E603D0A-4473-4A18-B67C-1526B73DFB7F} = {33C39110-90E0-4316-AF7B-A7081E2AB7E0}
		{624781F8-308B-48EB-9A8C-59FF8F26DF8C} = {33C39110-90E0-4316-AF7B-A7081E2AB7E0}
		{62C106E0-A74C-4559-86B8-EB75D43E0430} = {33C39110-90E0-4316-AF7B-A7081E2AB7E0}
		{AEBC3E29-8E89-483F-91DF-21D0FD50BB49} = {33C39110-90E0-4316-AF7B-A7081E2AB7E0}
		{1A866C75-A1EA-4D83-B0CD-2E8AF50C55FB} = {8E603D0A-4473-4A18-B67C-1526B73DFB7F}
		{0E0F5F61-B4B7-42C4-B5D1-6619C0D30CE1} = {3B1E5EAD-07E8-4DEA-836F-DA38EF71E1AA}
		{CDB33AF5-721F-453E-B8BE-5B9E26BB922E} = {624781F8-308B-48EB-9A8C-59FF8F26DF8C}
		{5ECC163A-CFFD-4BFB-A89A-28003D57AA8C} = {AEBC3E29-8E89-483F-91DF-21D0FD50BB49}
		{5C1D0B15-0873-4935-9D49-D29F86008E8E} = {33C39110-90E0-4316-AF7B-A7081E2AB7E0}
		{1B4F3149-F674-40F7-805E-BAB11AD53F7D} = {5C1D0B15-0873-4935-9D49-D29F86008E8E}
	EndGlobalSection
	GlobalSection(ExtensibilityGlobals) = postSolution
		SolutionGuid = {4BB0E6B1-7398-4CC2-87EB-5A81EDFECACD}
	EndGlobalSection
EndGlobal
